
Microsoft Visual Studio Solution File, Format Version 12.00
# Visual Studio Version 17
VisualStudioVersion = 17.13.35806.99 d17.13
MinimumVisualStudioVersion = 10.0.40219.1
Project("{FAE04EC0-301F-11D3-BF4B-00C04F79EFBC}") = "KataLibrary", "KataLibrary\KataLibrary.csproj", "{B0C16494-96B6-47CF-A090-5ECE038E38FE}"
EndProject
Project("{FAE04EC0-301F-11D3-BF4B-00C04F79EFBC}") = "KataLibaryTest", "KataLibaryTest\KataLibaryTest.csproj", "{2DDFC40B-AE3C-4892-8015-7F03341B2875}"
EndProject
Global
	GlobalSection(SolutionConfigurationPlatforms) = preSolution
		Debug|Any CPU = Debug|Any CPU
		Release|Any CPU = Release|Any CPU
	EndGlobalSection
	GlobalSection(ProjectConfigurationPlatforms) = postSolution
		{B0C16494-96B6-47CF-A090-5ECE038E38FE}.Debug|Any CPU.ActiveCfg = Debug|Any CPU
		{B0C16494-96B6-47CF-A090-5ECE038E38FE}.Debug|Any CPU.Build.0 = Debug|Any CPU
		{B0C16494-96B6-47CF-A090-5ECE038E38FE}.Release|Any CPU.ActiveCfg = Release|Any CPU
		{B0C16494-96B6-47CF-A090-5ECE038E38FE}.Release|Any CPU.Build.0 = Release|Any CPU
		{2DDFC40B-AE3C-4892-8015-7F03341B2875}.Debug|Any CPU.ActiveCfg = Debug|Any CPU
		{2DDFC40B-AE3C-4892-8015-7F03341B2875}.Debug|Any CPU.Build.0 = Debug|Any CPU
		{2DDFC40B-AE3C-4892-8015-7F03341B2875}.Release|Any CPU.ActiveCfg = Release|Any CPU
		{2DDFC40B-AE3C-4892-8015-7F03341B2875}.Release|Any CPU.Build.0 = Release|Any CPU
	EndGlobalSection
	GlobalSection(SolutionProperties) = preSolution
		HideSolutionNode = FALSE
	EndGlobalSection
	GlobalSection(ExtensibilityGlobals) = postSolution
		SolutionGuid = {035C0863-AD9D-4BDF-BC2D-5CB917B7C260}
	EndGlobalSection
EndGlobal
